// !$*UTF8*$!
{
	archiveVersion = 1;
	classes = {
	};
	objectVersion = 56;
	objects = {

/* Begin PBXBuildFile section */
		4D6DEB0529F197570043ED6B /* TabBarController.swift in Sources */ = {isa = PBXBuildFile; fileRef = 4D6DEB0429F197570043ED6B /* TabBarController.swift */; };
		C3BFD9A529E70B1200EEA048 /* AppDelegate.swift in Sources */ = {isa = PBXBuildFile; fileRef = C3BFD9A429E70B1200EEA048 /* AppDelegate.swift */; };
		C3BFD9A729E70B1200EEA048 /* SceneDelegate.swift in Sources */ = {isa = PBXBuildFile; fileRef = C3BFD9A629E70B1200EEA048 /* SceneDelegate.swift */; };
		C3BFD9AC29E70B1200EEA048 /* SwiftSecretsStoryboard.storyboard in Resources */ = {isa = PBXBuildFile; fileRef = C3BFD9AA29E70B1200EEA048 /* SwiftSecretsStoryboard.storyboard */; };
		C3BFD9AE29E70B1300EEA048 /* Assets.xcassets in Resources */ = {isa = PBXBuildFile; fileRef = C3BFD9AD29E70B1300EEA048 /* Assets.xcassets */; };
		C3BFD9B129E70B1300EEA048 /* LaunchScreen.storyboard in Resources */ = {isa = PBXBuildFile; fileRef = C3BFD9AF29E70B1300EEA048 /* LaunchScreen.storyboard */; };
		C3BFD9BD29E70F4100EEA048 /* SwiftSecrets.swift in Sources */ = {isa = PBXBuildFile; fileRef = C3BFD9BC29E70F4100EEA048 /* SwiftSecrets.swift */; };
		C3BFD9C029E70F9E00EEA048 /* DataStore.swift in Sources */ = {isa = PBXBuildFile; fileRef = C3BFD9BF29E70F9E00EEA048 /* DataStore.swift */; };
		C3BFD9C329E710A400EEA048 /* MatherialsStoryboard.storyboard in Resources */ = {isa = PBXBuildFile; fileRef = C3BFD9C229E710A400EEA048 /* MatherialsStoryboard.storyboard */; };
		C3BFD9C529E710F700EEA048 /* QuestionsStoryboard.storyboard in Resources */ = {isa = PBXBuildFile; fileRef = C3BFD9C429E710F700EEA048 /* QuestionsStoryboard.storyboard */; };
		C3BFD9C729E7114900EEA048 /* SwiftSecretsListViewController.swift in Sources */ = {isa = PBXBuildFile; fileRef = C3BFD9C629E7114900EEA048 /* SwiftSecretsListViewController.swift */; };
		C3BFD9C929E711AD00EEA048 /* MatherialsViewController.swift in Sources */ = {isa = PBXBuildFile; fileRef = C3BFD9C829E711AD00EEA048 /* MatherialsViewController.swift */; };
		C3BFD9CB29E711E100EEA048 /* QuestionsViewController.swift in Sources */ = {isa = PBXBuildFile; fileRef = C3BFD9CA29E711E100EEA048 /* QuestionsViewController.swift */; };
		C3E1380D29F5552900D333D5 /* AboutStoryboard.storyboard in Resources */ = {isa = PBXBuildFile; fileRef = C3E1380C29F5552900D333D5 /* AboutStoryboard.storyboard */; };
		C3E1380F29F5555900D333D5 /* AboutListViewController.swift in Sources */ = {isa = PBXBuildFile; fileRef = C3E1380E29F5555900D333D5 /* AboutListViewController.swift */; };
/* End PBXBuildFile section */

/* Begin PBXFileReference section */
		4D6DEB0429F197570043ED6B /* TabBarController.swift */ = {isa = PBXFileReference; lastKnownFileType = sourcecode.swift; path = TabBarController.swift; sourceTree = "<group>"; };
		C3BFD9A129E70B1200EEA048 /* SwiftSecrets.app */ = {isa = PBXFileReference; explicitFileType = wrapper.application; includeInIndex = 0; path = SwiftSecrets.app; sourceTree = BUILT_PRODUCTS_DIR; };
		C3BFD9A429E70B1200EEA048 /* AppDelegate.swift */ = {isa = PBXFileReference; lastKnownFileType = sourcecode.swift; path = AppDelegate.swift; sourceTree = "<group>"; };
		C3BFD9A629E70B1200EEA048 /* SceneDelegate.swift */ = {isa = PBXFileReference; lastKnownFileType = sourcecode.swift; path = SceneDelegate.swift; sourceTree = "<group>"; };
		C3BFD9AB29E70B1200EEA048 /* Base */ = {isa = PBXFileReference; lastKnownFileType = file.storyboard; name = Base; path = Base.lproj/SwiftSecretsStoryboard.storyboard; sourceTree = "<group>"; };
		C3BFD9AD29E70B1300EEA048 /* Assets.xcassets */ = {isa = PBXFileReference; lastKnownFileType = folder.assetcatalog; path = Assets.xcassets; sourceTree = "<group>"; };
		C3BFD9B029E70B1300EEA048 /* Base */ = {isa = PBXFileReference; lastKnownFileType = file.storyboard; name = Base; path = Base.lproj/LaunchScreen.storyboard; sourceTree = "<group>"; };
		C3BFD9B229E70B1300EEA048 /* Info.plist */ = {isa = PBXFileReference; lastKnownFileType = text.plist.xml; path = Info.plist; sourceTree = "<group>"; };
		C3BFD9BC29E70F4100EEA048 /* SwiftSecrets.swift */ = {isa = PBXFileReference; lastKnownFileType = sourcecode.swift; path = SwiftSecrets.swift; sourceTree = "<group>"; };
		C3BFD9BF29E70F9E00EEA048 /* DataStore.swift */ = {isa = PBXFileReference; lastKnownFileType = sourcecode.swift; path = DataStore.swift; sourceTree = "<group>"; };
		C3BFD9C229E710A400EEA048 /* MatherialsStoryboard.storyboard */ = {isa = PBXFileReference; lastKnownFileType = file.storyboard; path = MatherialsStoryboard.storyboard; sourceTree = "<group>"; };
		C3BFD9C429E710F700EEA048 /* QuestionsStoryboard.storyboard */ = {isa = PBXFileReference; lastKnownFileType = file.storyboard; path = QuestionsStoryboard.storyboard; sourceTree = "<group>"; };
		C3BFD9C629E7114900EEA048 /* SwiftSecretsListViewController.swift */ = {isa = PBXFileReference; lastKnownFileType = sourcecode.swift; path = SwiftSecretsListViewController.swift; sourceTree = "<group>"; };
		C3BFD9C829E711AD00EEA048 /* MatherialsViewController.swift */ = {isa = PBXFileReference; lastKnownFileType = sourcecode.swift; path = MatherialsViewController.swift; sourceTree = "<group>"; };
		C3BFD9CA29E711E100EEA048 /* QuestionsViewController.swift */ = {isa = PBXFileReference; lastKnownFileType = sourcecode.swift; path = QuestionsViewController.swift; sourceTree = "<group>"; };
		C3E1380C29F5552900D333D5 /* AboutStoryboard.storyboard */ = {isa = PBXFileReference; lastKnownFileType = file.storyboard; path = AboutStoryboard.storyboard; sourceTree = "<group>"; };
		C3E1380E29F5555900D333D5 /* AboutListViewController.swift */ = {isa = PBXFileReference; lastKnownFileType = sourcecode.swift; path = AboutListViewController.swift; sourceTree = "<group>"; };
/* End PBXFileReference section */

/* Begin PBXFrameworksBuildPhase section */
		C3BFD99E29E70B1200EEA048 /* Frameworks */ = {
			isa = PBXFrameworksBuildPhase;
			buildActionMask = 2147483647;
			files = (
			);
			runOnlyForDeploymentPostprocessing = 0;
		};
/* End PBXFrameworksBuildPhase section */

/* Begin PBXGroup section */
		C3BFD99829E70B1200EEA048 = {
			isa = PBXGroup;
			children = (
				C3BFD9A329E70B1200EEA048 /* SwiftSecrets */,
				C3BFD9A229E70B1200EEA048 /* Products */,
			);
			sourceTree = "<group>";
		};
		C3BFD9A229E70B1200EEA048 /* Products */ = {
			isa = PBXGroup;
			children = (
				C3BFD9A129E70B1200EEA048 /* SwiftSecrets.app */,
			);
			name = Products;
			sourceTree = "<group>";
		};
		C3BFD9A329E70B1200EEA048 /* SwiftSecrets */ = {
			isa = PBXGroup;
			children = (
				C3BFD9B929E70E0400EEA048 /* Storyboards */,
				C3BFD9BA29E70E1E00EEA048 /* ViewControllers */,
				C3BFD9BE29E70F5100EEA048 /* Models */,
				C3BFD9B829E70D8D00EEA048 /* App */,
				C3BFD9BB29E70E3900EEA048 /* Resources */,
				C3BFD9C129E70FA600EEA048 /* Sevices */,
			);
			path = SwiftSecrets;
			sourceTree = "<group>";
		};
		C3BFD9B829E70D8D00EEA048 /* App */ = {
			isa = PBXGroup;
			children = (
				C3BFD9A429E70B1200EEA048 /* AppDelegate.swift */,
				C3BFD9A629E70B1200EEA048 /* SceneDelegate.swift */,
				C3BFD9B229E70B1300EEA048 /* Info.plist */,
			);
			path = App;
			sourceTree = "<group>";
		};
		C3BFD9B929E70E0400EEA048 /* Storyboards */ = {
			isa = PBXGroup;
			children = (
				C3BFD9AA29E70B1200EEA048 /* SwiftSecretsStoryboard.storyboard */,
				C3BFD9C229E710A400EEA048 /* MatherialsStoryboard.storyboard */,
				C3BFD9C429E710F700EEA048 /* QuestionsStoryboard.storyboard */,
				C3E1380C29F5552900D333D5 /* AboutStoryboard.storyboard */,
				C3BFD9AF29E70B1300EEA048 /* LaunchScreen.storyboard */,
			);
			path = Storyboards;
			sourceTree = "<group>";
		};
		C3BFD9BA29E70E1E00EEA048 /* ViewControllers */ = {
			isa = PBXGroup;
			children = (
				C3BFD9C629E7114900EEA048 /* SwiftSecretsListViewController.swift */,
				4D6DEB0429F197570043ED6B /* TabBarController.swift */,
				C3BFD9C829E711AD00EEA048 /* MatherialsViewController.swift */,
				C3BFD9CA29E711E100EEA048 /* QuestionsViewController.swift */,
				C3E1380E29F5555900D333D5 /* AboutListViewController.swift */,
			);
			path = ViewControllers;
			sourceTree = "<group>";
		};
		C3BFD9BB29E70E3900EEA048 /* Resources */ = {
			isa = PBXGroup;
			children = (
				C3BFD9AD29E70B1300EEA048 /* Assets.xcassets */,
			);
			path = Resources;
			sourceTree = "<group>";
		};
		C3BFD9BE29E70F5100EEA048 /* Models */ = {
			isa = PBXGroup;
			children = (
				C3BFD9BC29E70F4100EEA048 /* SwiftSecrets.swift */,
			);
			path = Models;
			sourceTree = "<group>";
		};
		C3BFD9C129E70FA600EEA048 /* Sevices */ = {
			isa = PBXGroup;
			children = (
				C3BFD9BF29E70F9E00EEA048 /* DataStore.swift */,
			);
			path = Sevices;
			sourceTree = "<group>";
		};
/* End PBXGroup section */

/* Begin PBXNativeTarget section */
		C3BFD9A029E70B1200EEA048 /* SwiftSecrets */ = {
			isa = PBXNativeTarget;
			buildConfigurationList = C3BFD9B529E70B1300EEA048 /* Build configuration list for PBXNativeTarget "SwiftSecrets" */;
			buildPhases = (
				C3BFD99D29E70B1200EEA048 /* Sources */,
				C3BFD99E29E70B1200EEA048 /* Frameworks */,
				C3BFD99F29E70B1200EEA048 /* Resources */,
			);
			buildRules = (
			);
			dependencies = (
			);
			name = SwiftSecrets;
			productName = SwiftSecrets;
			productReference = C3BFD9A129E70B1200EEA048 /* SwiftSecrets.app */;
			productType = "com.apple.product-type.application";
		};
/* End PBXNativeTarget section */

/* Begin PBXProject section */
		C3BFD99929E70B1200EEA048 /* Project object */ = {
			isa = PBXProject;
			attributes = {
				BuildIndependentTargetsInParallel = 1;
				LastSwiftUpdateCheck = 1430;
				LastUpgradeCheck = 1430;
				TargetAttributes = {
					C3BFD9A029E70B1200EEA048 = {
						CreatedOnToolsVersion = 14.3;
					};
				};
			};
			buildConfigurationList = C3BFD99C29E70B1200EEA048 /* Build configuration list for PBXProject "SwiftSecrets" */;
			compatibilityVersion = "Xcode 14.0";
			developmentRegion = en;
			hasScannedForEncodings = 0;
			knownRegions = (
				en,
				Base,
			);
			mainGroup = C3BFD99829E70B1200EEA048;
			productRefGroup = C3BFD9A229E70B1200EEA048 /* Products */;
			projectDirPath = "";
			projectRoot = "";
			targets = (
				C3BFD9A029E70B1200EEA048 /* SwiftSecrets */,
			);
		};
/* End PBXProject section */

/* Begin PBXResourcesBuildPhase section */
		C3BFD99F29E70B1200EEA048 /* Resources */ = {
			isa = PBXResourcesBuildPhase;
			buildActionMask = 2147483647;
			files = (
				C3BFD9B129E70B1300EEA048 /* LaunchScreen.storyboard in Resources */,
				C3BFD9C329E710A400EEA048 /* MatherialsStoryboard.storyboard in Resources */,
				C3BFD9C529E710F700EEA048 /* QuestionsStoryboard.storyboard in Resources */,
				C3E1380D29F5552900D333D5 /* AboutStoryboard.storyboard in Resources */,
				C3BFD9AE29E70B1300EEA048 /* Assets.xcassets in Resources */,
				C3BFD9AC29E70B1200EEA048 /* SwiftSecretsStoryboard.storyboard in Resources */,
			);
			runOnlyForDeploymentPostprocessing = 0;
		};
/* End PBXResourcesBuildPhase section */

/* Begin PBXSourcesBuildPhase section */
		C3BFD99D29E70B1200EEA048 /* Sources */ = {
			isa = PBXSourcesBuildPhase;
			buildActionMask = 2147483647;
			files = (
				C3BFD9C729E7114900EEA048 /* SwiftSecretsListViewController.swift in Sources */,
				4D6DEB0529F197570043ED6B /* TabBarController.swift in Sources */,
				C3BFD9CB29E711E100EEA048 /* QuestionsViewController.swift in Sources */,
				C3BFD9BD29E70F4100EEA048 /* SwiftSecrets.swift in Sources */,
				C3BFD9C929E711AD00EEA048 /* MatherialsViewController.swift in Sources */,
				C3E1380F29F5555900D333D5 /* AboutListViewController.swift in Sources */,
				C3BFD9A529E70B1200EEA048 /* AppDelegate.swift in Sources */,
				C3BFD9C029E70F9E00EEA048 /* DataStore.swift in Sources */,
				C3BFD9A729E70B1200EEA048 /* SceneDelegate.swift in Sources */,
			);
			runOnlyForDeploymentPostprocessing = 0;
		};
/* End PBXSourcesBuildPhase section */

/* Begin PBXVariantGroup section */
		C3BFD9AA29E70B1200EEA048 /* SwiftSecretsStoryboard.storyboard */ = {
			isa = PBXVariantGroup;
			children = (
				C3BFD9AB29E70B1200EEA048 /* Base */,
			);
			name = SwiftSecretsStoryboard.storyboard;
			sourceTree = "<group>";
		};
		C3BFD9AF29E70B1300EEA048 /* LaunchScreen.storyboard */ = {
			isa = PBXVariantGroup;
			children = (
				C3BFD9B029E70B1300EEA048 /* Base */,
			);
			name = LaunchScreen.storyboard;
			sourceTree = "<group>";
		};
/* End PBXVariantGroup section */

/* Begin XCBuildConfiguration section */
		C3BFD9B329E70B1300EEA048 /* Debug */ = {
			isa = XCBuildConfiguration;
			buildSettings = {
				ALWAYS_SEARCH_USER_PATHS = NO;
				CLANG_ANALYZER_NONNULL = YES;
				CLANG_ANALYZER_NUMBER_OBJECT_CONVERSION = YES_AGGRESSIVE;
				CLANG_CXX_LANGUAGE_STANDARD = "gnu++20";
				CLANG_ENABLE_MODULES = YES;
				CLANG_ENABLE_OBJC_ARC = YES;
				CLANG_ENABLE_OBJC_WEAK = YES;
				CLANG_WARN_BLOCK_CAPTURE_AUTORELEASING = YES;
				CLANG_WARN_BOOL_CONVERSION = YES;
				CLANG_WARN_COMMA = YES;
				CLANG_WARN_CONSTANT_CONVERSION = YES;
				CLANG_WARN_DEPRECATED_OBJC_IMPLEMENTATIONS = YES;
				CLANG_WARN_DIRECT_OBJC_ISA_USAGE = YES_ERROR;
				CLANG_WARN_DOCUMENTATION_COMMENTS = YES;
				CLANG_WARN_EMPTY_BODY = YES;
				CLANG_WARN_ENUM_CONVERSION = YES;
				CLANG_WARN_INFINITE_RECURSION = YES;
				CLANG_WARN_INT_CONVERSION = YES;
				CLANG_WARN_NON_LITERAL_NULL_CONVERSION = YES;
				CLANG_WARN_OBJC_IMPLICIT_RETAIN_SELF = YES;
				CLANG_WARN_OBJC_LITERAL_CONVERSION = YES;
				CLANG_WARN_OBJC_ROOT_CLASS = YES_ERROR;
				CLANG_WARN_QUOTED_INCLUDE_IN_FRAMEWORK_HEADER = YES;
				CLANG_WARN_RANGE_LOOP_ANALYSIS = YES;
				CLANG_WARN_STRICT_PROTOTYPES = YES;
				CLANG_WARN_SUSPICIOUS_MOVE = YES;
				CLANG_WARN_UNGUARDED_AVAILABILITY = YES_AGGRESSIVE;
				CLANG_WARN_UNREACHABLE_CODE = YES;
				CLANG_WARN__DUPLICATE_METHOD_MATCH = YES;
				COPY_PHASE_STRIP = NO;
				DEBUG_INFORMATION_FORMAT = dwarf;
				ENABLE_STRICT_OBJC_MSGSEND = YES;
				ENABLE_TESTABILITY = YES;
				GCC_C_LANGUAGE_STANDARD = gnu11;
				GCC_DYNAMIC_NO_PIC = NO;
				GCC_NO_COMMON_BLOCKS = YES;
				GCC_OPTIMIZATION_LEVEL = 0;
				GCC_PREPROCESSOR_DEFINITIONS = (
					"DEBUG=1",
					"$(inherited)",
				);
				GCC_WARN_64_TO_32_BIT_CONVERSION = YES;
				GCC_WARN_ABOUT_RETURN_TYPE = YES_ERROR;
				GCC_WARN_UNDECLARED_SELECTOR = YES;
				GCC_WARN_UNINITIALIZED_AUTOS = YES_AGGRESSIVE;
				GCC_WARN_UNUSED_FUNCTION = YES;
				GCC_WARN_UNUSED_VARIABLE = YES;
				IPHONEOS_DEPLOYMENT_TARGET = 16.4;
				MTL_ENABLE_DEBUG_INFO = INCLUDE_SOURCE;
				MTL_FAST_MATH = YES;
				ONLY_ACTIVE_ARCH = YES;
				SDKROOT = iphoneos;
				SWIFT_ACTIVE_COMPILATION_CONDITIONS = DEBUG;
				SWIFT_OPTIMIZATION_LEVEL = "-Onone";
			};
			name = Debug;
		};
		C3BFD9B429E70B1300EEA048 /* Release */ = {
			isa = XCBuildConfiguration;
			buildSettings = {
				ALWAYS_SEARCH_USER_PATHS = NO;
				CLANG_ANALYZER_NONNULL = YES;
				CLANG_ANALYZER_NUMBER_OBJECT_CONVERSION = YES_AGGRESSIVE;
				CLANG_CXX_LANGUAGE_STANDARD = "gnu++20";
				CLANG_ENABLE_MODULES = YES;
				CLANG_ENABLE_OBJC_ARC = YES;
				CLANG_ENABLE_OBJC_WEAK = YES;
				CLANG_WARN_BLOCK_CAPTURE_AUTORELEASING = YES;
				CLANG_WARN_BOOL_CONVERSION = YES;
				CLANG_WARN_COMMA = YES;
				CLANG_WARN_CONSTANT_CONVERSION = YES;
				CLANG_WARN_DEPRECATED_OBJC_IMPLEMENTATIONS = YES;
				CLANG_WARN_DIRECT_OBJC_ISA_USAGE = YES_ERROR;
				CLANG_WARN_DOCUMENTATION_COMMENTS = YES;
				CLANG_WARN_EMPTY_BODY = YES;
				CLANG_WARN_ENUM_CONVERSION = YES;
				CLANG_WARN_INFINITE_RECURSION = YES;
				CLANG_WARN_INT_CONVERSION = YES;
				CLANG_WARN_NON_LITERAL_NULL_CONVERSION = YES;
				CLANG_WARN_OBJC_IMPLICIT_RETAIN_SELF = YES;
				CLANG_WARN_OBJC_LITERAL_CONVERSION = YES;
				CLANG_WARN_OBJC_ROOT_CLASS = YES_ERROR;
				CLANG_WARN_QUOTED_INCLUDE_IN_FRAMEWORK_HEADER = YES;
				CLANG_WARN_RANGE_LOOP_ANALYSIS = YES;
				CLANG_WARN_STRICT_PROTOTYPES = YES;
				CLANG_WARN_SUSPICIOUS_MOVE = YES;
				CLANG_WARN_UNGUARDED_AVAILABILITY = YES_AGGRESSIVE;
				CLANG_WARN_UNREACHABLE_CODE = YES;
				CLANG_WARN__DUPLICATE_METHOD_MATCH = YES;
				COPY_PHASE_STRIP = NO;
				DEBUG_INFORMATION_FORMAT = "dwarf-with-dsym";
				ENABLE_NS_ASSERTIONS = NO;
				ENABLE_STRICT_OBJC_MSGSEND = YES;
				GCC_C_LANGUAGE_STANDARD = gnu11;
				GCC_NO_COMMON_BLOCKS = YES;
				GCC_WARN_64_TO_32_BIT_CONVERSION = YES;
				GCC_WARN_ABOUT_RETURN_TYPE = YES_ERROR;
				GCC_WARN_UNDECLARED_SELECTOR = YES;
				GCC_WARN_UNINITIALIZED_AUTOS = YES_AGGRESSIVE;
				GCC_WARN_UNUSED_FUNCTION = YES;
				GCC_WARN_UNUSED_VARIABLE = YES;
				IPHONEOS_DEPLOYMENT_TARGET = 16.4;
				MTL_ENABLE_DEBUG_INFO = NO;
				MTL_FAST_MATH = YES;
				SDKROOT = iphoneos;
				SWIFT_COMPILATION_MODE = wholemodule;
				SWIFT_OPTIMIZATION_LEVEL = "-O";
				VALIDATE_PRODUCT = YES;
			};
			name = Release;
		};
		C3BFD9B629E70B1300EEA048 /* Debug */ = {
			isa = XCBuildConfiguration;
			buildSettings = {
				ASSETCATALOG_COMPILER_APPICON_NAME = AppIcon;
				ASSETCATALOG_COMPILER_GLOBAL_ACCENT_COLOR_NAME = AccentColor;
				CODE_SIGN_STYLE = Automatic;
				CURRENT_PROJECT_VERSION = 0;
				DEVELOPMENT_TEAM = SHUNAN4YC4;
				GENERATE_INFOPLIST_FILE = YES;
				INFOPLIST_FILE = SwiftSecrets/App/Info.plist;
				INFOPLIST_KEY_UIApplicationSupportsIndirectInputEvents = YES;
				INFOPLIST_KEY_UILaunchStoryboardName = LaunchScreen;
				INFOPLIST_KEY_UIMainStoryboardFile = SwiftSecretsStoryboard;
				INFOPLIST_KEY_UISupportedInterfaceOrientations = UIInterfaceOrientationPortrait;
				INFOPLIST_KEY_UISupportedInterfaceOrientations_iPad = "UIInterfaceOrientationLandscapeLeft UIInterfaceOrientationLandscapeRight UIInterfaceOrientationPortrait UIInterfaceOrientationPortraitUpsideDown";
				LD_RUNPATH_SEARCH_PATHS = (
					"$(inherited)",
					"@executable_path/Frameworks",
				);
				MARKETING_VERSION = 0.0.0;
				PRODUCT_BUNDLE_IDENTIFIER = iosken.SwiftSecrets;
				PRODUCT_NAME = "$(TARGET_NAME)";
				SUPPORTED_PLATFORMS = "iphoneos iphonesimulator";
				SUPPORTS_MACCATALYST = NO;
				SUPPORTS_MAC_DESIGNED_FOR_IPHONE_IPAD = NO;
				SWIFT_EMIT_LOC_STRINGS = YES;
				SWIFT_VERSION = 5.0;
				TARGETED_DEVICE_FAMILY = 1;
			};
			name = Debug;
		};
		C3BFD9B729E70B1300EEA048 /* Release */ = {
			isa = XCBuildConfiguration;
			buildSettings = {
				ASSETCATALOG_COMPILER_APPICON_NAME = AppIcon;
				ASSETCATALOG_COMPILER_GLOBAL_ACCENT_COLOR_NAME = AccentColor;
				CODE_SIGN_STYLE = Automatic;
				CURRENT_PROJECT_VERSION = 0;
				DEVELOPMENT_TEAM = SHUNAN4YC4;
				GENERATE_INFOPLIST_FILE = YES;
				INFOPLIST_FILE = SwiftSecrets/App/Info.plist;
				INFOPLIST_KEY_UIApplicationSupportsIndirectInputEvents = YES;
				INFOPLIST_KEY_UILaunchStoryboardName = LaunchScreen;
				INFOPLIST_KEY_UIMainStoryboardFile = SwiftSecretsStoryboard;
				INFOPLIST_KEY_UISupportedInterfaceOrientations = UIInterfaceOrientationPortrait;
				INFOPLIST_KEY_UISupportedInterfaceOrientations_iPad = "UIInterfaceOrientationLandscapeLeft UIInterfaceOrientationLandscapeRight UIInterfaceOrientationPortrait UIInterfaceOrientationPortraitUpsideDown";
				LD_RUNPATH_SEARCH_PATHS = (
					"$(inherited)",
					"@executable_path/Frameworks",
				);
				MARKETING_VERSION = 0.0.0;
				PRODUCT_BUNDLE_IDENTIFIER = iosken.SwiftSecrets;
				PRODUCT_NAME = "$(TARGET_NAME)";
				SUPPORTED_PLATFORMS = "iphoneos iphonesimulator";
				SUPPORTS_MACCATALYST = NO;
				SUPPORTS_MAC_DESIGNED_FOR_IPHONE_IPAD = NO;
				SWIFT_EMIT_LOC_STRINGS = YES;
				SWIFT_VERSION = 5.0;
				TARGETED_DEVICE_FAMILY = 1;
			};
			name = Release;
		};
/* End XCBuildConfiguration section */

/* Begin XCConfigurationList section */
		C3BFD99C29E70B1200EEA048 /* Build configuration list for PBXProject "SwiftSecrets" */ = {
			isa = XCConfigurationList;
			buildConfigurations = (
				C3BFD9B329E70B1300EEA048 /* Debug */,
				C3BFD9B429E70B1300EEA048 /* Release */,
			);
			defaultConfigurationIsVisible = 0;
			defaultConfigurationName = Release;
		};
		C3BFD9B529E70B1300EEA048 /* Build configuration list for PBXNativeTarget "SwiftSecrets" */ = {
			isa = XCConfigurationList;
			buildConfigurations = (
				C3BFD9B629E70B1300EEA048 /* Debug */,
				C3BFD9B729E70B1300EEA048 /* Release */,
			);
			defaultConfigurationIsVisible = 0;
			defaultConfigurationName = Release;
		};
/* End XCConfigurationList section */
	};
	rootObject = C3BFD99929E70B1200EEA048 /* Project object */;
}
